
Microsoft Visual Studio Solution File, Format Version 12.00
# Visual Studio Version 17
VisualStudioVersion = 17.3.32929.385
MinimumVisualStudioVersion = 10.0.40219.1
Project("{FAE04EC0-301F-11D3-BF4B-00C04F79EFBC}") = "sql ado.net", "sql ado.net\sql ado.net.csproj", "{E8441B0E-D446-40C8-9014-72628A4CC3B0}"
EndProject
Global
	GlobalSection(SolutionConfigurationPlatforms) = preSolution
		Debug|Any CPU = Debug|Any CPU
		Release|Any CPU = Release|Any CPU
	EndGlobalSection
	GlobalSection(ProjectConfigurationPlatforms) = postSolution
		{E8441B0E-D446-40C8-9014-72628A4CC3B0}.Debug|Any CPU.ActiveCfg = Debug|Any CPU
		{E8441B0E-D446-40C8-9014-72628A4CC3B0}.Debug|Any CPU.Build.0 = Debug|Any CPU
		{E8441B0E-D446-40C8-9014-72628A4CC3B0}.Release|Any CPU.ActiveCfg = Release|Any CPU
		{E8441B0E-D446-40C8-9014-72628A4CC3B0}.Release|Any CPU.Build.0 = Release|Any CPU
	EndGlobalSection
	GlobalSection(SolutionProperties) = preSolution
		HideSolutionNode = FALSE
	EndGlobalSection
	GlobalSection(ExtensibilityGlobals) = postSolution
		SolutionGuid = {97860708-5AEB-4BAE-8DE0-9C40FFE42403}
	EndGlobalSection
EndGlobal
